
Microsoft Visual Studio Solution File, Format Version 12.00
# Visual Studio Version 17
VisualStudioVersion = 17.0.0.0
MinimumVisualStudioVersion = 10.0.40219.1
Project("{8BC9CEB8-8B4A-11D0-8D11-00A0C91BC942}") = "isom_capi", "isom_capi.vcxproj", "{B2D7E3A1-1C44-4F6E-9A21-7C0E5A9F1D31}"
	ProjectSection(ProjectDependencies) = postProject
		{78424708-1F6E-4D4B-920C-FB6D26847055} = {78424708-1F6E-4D4B-920C-FB6D26847055}
		{0B7F9D23-A773-4EA5-80A5-C141D3E884EC} = {0B7F9D23-A773-4EA5-80A5-C141D3E884EC}
		{73C0A65B-D1F2-4DE1-B3A6-15DAD2C23F3D} = {73C0A65B-D1F2-4DE1-B3A6-15DAD2C23F3D}
		{4F9B8768-0CC1-4249-B135-46C1EEAD8191} = {4F9B8768-0CC1-4249-B135-46C1EEAD8191}
		{6C146AC6-2EC2-45C5-82CD-4FBCDF1CBC9D} = {6C146AC6-2EC2-45C5-82CD-4FBCDF1CBC9D}
	EndProjectSection
EndProject
Project("{8BC9CEB8-8B4A-11D0-8D11-00A0C91BC942}") = "CascLib", "CascLib\CascLib_vs22.vcxproj", "{4F9B8768-0CC1-4249-B135-46C1EEAD8191}"
EndProject
Project("{8BC9CEB8-8B4A-11D0-8D11-00A0C91BC942}") = "CrossCutLib", "CrossCutLib\CrossCutLib.vcxproj", "{6C146AC6-2EC2-45C5-82CD-4FBCDF1CBC9D}"
EndProject
Project("{8BC9CEB8-8B4A-11D0-8D11-00A0C91BC942}") = "IcuLib", "IcuLib\common.vcxproj", "{73C0A65B-D1F2-4DE1-B3A6-15DAD2C23F3D}"
EndProject
Project("{8BC9CEB8-8B4A-11D0-8D11-00A0C91BC942}") = "MappingCoreLib", "MappingCoreLib\MappingCoreLib.vcxproj", "{0B7F9D23-A773-4EA5-80A5-C141D3E884EC}"
EndProject
Project("{8BC9CEB8-8B4A-11D0-8D11-00A0C91BC942}") = "StormLib", "StormLib\StormLib_vs22.vcxproj", "{78424708-1F6E-4D4B-920C-FB6D26847055}"
EndProject
Global
	GlobalSection(SolutionConfigurationPlatforms) = preSolution
		DebugAS|x64 = DebugAS|x64
		DebugUS|x64 = DebugUS|x64
		ReleaseAS|x64 = ReleaseAS|x64
		ReleaseUS|x64 = ReleaseUS|x64
	EndGlobalSection
	GlobalSection(ProjectConfigurationPlatforms) = postSolution
		{B2D7E3A1-1C44-4F6E-9A21-7C0E5A9F1D31}.DebugAS|x64.ActiveCfg = DebugAS|x64
		{B2D7E3A1-1C44-4F6E-9A21-7C0E5A9F1D31}.DebugAS|x64.Build.0 = DebugAS|x64
		{B2D7E3A1-1C44-4F6E-9A21-7C0E5A9F1D31}.DebugUS|x64.ActiveCfg = DebugUS|x64
		{B2D7E3A1-1C44-4F6E-9A21-7C0E5A9F1D31}.DebugUS|x64.Build.0 = DebugUS|x64
		{B2D7E3A1-1C44-4F6E-9A21-7C0E5A9F1D31}.ReleaseAS|x64.ActiveCfg = ReleaseAS|x64
		{B2D7E3A1-1C44-4F6E-9A21-7C0E5A9F1D31}.ReleaseAS|x64.Build.0 = ReleaseAS|x64
		{B2D7E3A1-1C44-4F6E-9A21-7C0E5A9F1D31}.ReleaseUS|x64.ActiveCfg = ReleaseUS|x64
		{B2D7E3A1-1C44-4F6E-9A21-7C0E5A9F1D31}.ReleaseUS|x64.Build.0 = ReleaseUS|x64
		{4F9B8768-0CC1-4249-B135-46C1EEAD8191}.DebugAS|x64.ActiveCfg = DebugAS|x64
		{4F9B8768-0CC1-4249-B135-46C1EEAD8191}.DebugAS|x64.Build.0 = DebugAS|x64
		{4F9B8768-0CC1-4249-B135-46C1EEAD8191}.DebugUS|x64.ActiveCfg = DebugUS|x64
		{4F9B8768-0CC1-4249-B135-46C1EEAD8191}.DebugUS|x64.Build.0 = DebugUS|x64
		{4F9B8768-0CC1-4249-B135-46C1EEAD8191}.ReleaseAS|x64.ActiveCfg = ReleaseAS|x64
		{4F9B8768-0CC1-4249-B135-46C1EEAD8191}.ReleaseAS|x64.Build.0 = ReleaseAS|x64
		{4F9B8768-0CC1-4249-B135-46C1EEAD8191}.ReleaseUS|x64.ActiveCfg = ReleaseUS|x64
		{4F9B8768-0CC1-4249-B135-46C1EEAD8191}.ReleaseUS|x64.Build.0 = ReleaseUS|x64
		{6C146AC6-2EC2-45C5-82CD-4FBCDF1CBC9D}.DebugAS|x64.ActiveCfg = DebugAS|x64
		{6C146AC6-2EC2-45C5-82CD-4FBCDF1CBC9D}.DebugAS|x64.Build.0 = DebugAS|x64
		{6C146AC6-2EC2-45C5-82CD-4FBCDF1CBC9D}.DebugUS|x64.ActiveCfg = DebugUS|x64
		{6C146AC6-2EC2-45C5-82CD-4FBCDF1CBC9D}.DebugUS|x64.Build.0 = DebugUS|x64
		{6C146AC6-2EC2-45C5-82CD-4FBCDF1CBC9D}.ReleaseAS|x64.ActiveCfg = ReleaseAS|x64
		{6C146AC6-2EC2-45C5-82CD-4FBCDF1CBC9D}.ReleaseAS|x64.Build.0 = ReleaseAS|x64
		{6C146AC6-2EC2-45C5-82CD-4FBCDF1CBC9D}.ReleaseUS|x64.ActiveCfg = ReleaseUS|x64
		{6C146AC6-2EC2-45C5-82CD-4FBCDF1CBC9D}.ReleaseUS|x64.Build.0 = ReleaseUS|x64
		{73C0A65B-D1F2-4DE1-B3A6-15DAD2C23F3D}.DebugAS|x64.ActiveCfg = DebugAS|x64
		{73C0A65B-D1F2-4DE1-B3A6-15DAD2C23F3D}.DebugAS|x64.Build.0 = DebugAS|x64
		{73C0A65B-D1F2-4DE1-B3A6-15DAD2C23F3D}.DebugUS|x64.ActiveCfg = DebugUS|x64
		{73C0A65B-D1F2-4DE1-B3A6-15DAD2C23F3D}.DebugUS|x64.Build.0 = DebugUS|x64
		{73C0A65B-D1F2-4DE1-B3A6-15DAD2C23F3D}.ReleaseAS|x64.ActiveCfg = ReleaseAS|x64
		{73C0A65B-D1F2-4DE1-B3A6-15DAD2C23F3D}.ReleaseAS|x64.Build.0 = ReleaseAS|x64
		{73C0A65B-D1F2-4DE1-B3A6-15DAD2C23F3D}.ReleaseUS|x64.ActiveCfg = ReleaseUS|x64
		{73C0A65B-D1F2-4DE1-B3A6-15DAD2C23F3D}.ReleaseUS|x64.Build.0 = ReleaseUS|x64
		{0B7F9D23-A773-4EA5-80A5-C141D3E884EC}.DebugAS|x64.ActiveCfg = DebugAS|x64
		{0B7F9D23-A773-4EA5-80A5-C141D3E884EC}.DebugAS|x64.Build.0 = DebugAS|x64
		{0B7F9D23-A773-4EA5-80A5-C141D3E884EC}.DebugUS|x64.ActiveCfg = DebugUS|x64
		{0B7F9D23-A773-4EA5-80A5-C141D3E884EC}.DebugUS|x64.Build.0 = DebugUS|x64
		{0B7F9D23-A773-4EA5-80A5-C141D3E884EC}.ReleaseAS|x64.ActiveCfg = ReleaseAS|x64
		{0B7F9D23-A773-4EA5-80A5-C141D3E884EC}.ReleaseAS|x64.Build.0 = ReleaseAS|x64
		{0B7F9D23-A773-4EA5-80A5-C141D3E884EC}.ReleaseUS|x64.ActiveCfg = ReleaseUS|x64
		{0B7F9D23-A773-4EA5-80A5-C141D3E884EC}.ReleaseUS|x64.Build.0 = ReleaseUS|x64
		{78424708-1F6E-4D4B-920C-FB6D26847055}.DebugAS|x64.ActiveCfg = DebugAS|x64
		{78424708-1F6E-4D4B-920C-FB6D26847055}.DebugAS|x64.Build.0 = DebugAS|x64
		{78424708-1F6E-4D4B-920C-FB6D26847055}.DebugUS|x64.ActiveCfg = DebugUS|x64
		{78424708-1F6E-4D4B-920C-FB6D26847055}.DebugUS|x64.Build.0 = DebugUS|x64
		{78424708-1F6E-4D4B-920C-FB6D26847055}.ReleaseAS|x64.ActiveCfg = ReleaseAS|x64
		{78424708-1F6E-4D4B-920C-FB6D26847055}.ReleaseAS|x64.Build.0 = ReleaseAS|x64
		{78424708-1F6E-4D4B-920C-FB6D26847055}.ReleaseUS|x64.ActiveCfg = ReleaseUS|x64
		{78424708-1F6E-4D4B-920C-FB6D26847055}.ReleaseUS|x64.Build.0 = ReleaseUS|x64
	EndGlobalSection
	GlobalSection(SolutionProperties) = preSolution
		HideSolutionNode = FALSE
	EndGlobalSection
	GlobalSection(ExtensibilityGlobals) = postSolution
		SolutionGuid = {3F8A2B5C-6D7E-4A9F-B0C1-2D3E4F5A6B7C}
	EndGlobalSection
EndGlobal
